
Microsoft Visual Studio Solution File, Format Version 12.00
# Visual Studio Version 17
VisualStudioVersion = 17.4.33205.214
MinimumVisualStudioVersion = 10.0.40219.1
Project("{9A19103F-16F7-4668-BE54-9A1E7A4F7556}") = "ComputerArchitecture", "ComputerArchitecture.csproj", "{D8B41478-EEED-4BD7-95D0-C2B12724696C}"
EndProject
Global
	GlobalSection(SolutionConfigurationPlatforms) = preSolution
		Debug|Any CPU = Debug|Any CPU
		Release|Any CPU = Release|Any CPU
	EndGlobalSection
	GlobalSection(ProjectConfigurationPlatforms) = postSolution
		{D8B41478-EEED-4BD7-95D0-C2B12724696C}.Debug|Any CPU.ActiveCfg = Debug|Any CPU
		{D8B41478-EEED-4BD7-95D0-C2B12724696C}.Debug|Any CPU.Build.0 = Debug|Any CPU
		{D8B41478-EEED-4BD7-95D0-C2B12724696C}.Release|Any CPU.ActiveCfg = Release|Any CPU
		{D8B41478-EEED-4BD7-95D0-C2B12724696C}.Release|Any CPU.Build.0 = Release|Any CPU
	EndGlobalSection
	GlobalSection(SolutionProperties) = preSolution
		HideSolutionNode = FALSE
	EndGlobalSection
	GlobalSection(ExtensibilityGlobals) = postSolution
		SolutionGuid = {4109B238-AA9F-48E8-9B2D-D8A11EDC2D7A}
	EndGlobalSection
EndGlobal
